
Microsoft Visual Studio Solution File, Format Version 12.00
Project("{FAE04EC0-301F-11D3-BF4B-00C04F79EFBC}") = "ColoredItems", "ColoredItems\ColoredItems.csproj", "{14F7AFEB-419C-453A-9C1A-73770C2FFC02}"
EndProject
Global
	GlobalSection(SolutionConfigurationPlatforms) = preSolution
		Debug|Any CPU = Debug|Any CPU
		Release|Any CPU = Release|Any CPU
	EndGlobalSection
	GlobalSection(ProjectConfigurationPlatforms) = postSolution
		{14F7AFEB-419C-453A-9C1A-73770C2FFC02}.Debug|Any CPU.ActiveCfg = Debug|Any CPU
		{14F7AFEB-419C-453A-9C1A-73770C2FFC02}.Debug|Any CPU.Build.0 = Debug|Any CPU
		{14F7AFEB-419C-453A-9C1A-73770C2FFC02}.Release|Any CPU.ActiveCfg = Release|Any CPU
		{14F7AFEB-419C-453A-9C1A-73770C2FFC02}.Release|Any CPU.Build.0 = Release|Any CPU
	EndGlobalSection
EndGlobal
