
Microsoft Visual Studio Solution File, Format Version 12.00
# Visual Studio Version 17
VisualStudioVersion = 17.3.32929.385
MinimumVisualStudioVersion = 10.0.40219.1
Project("{FAE04EC0-301F-11D3-BF4B-00C04F79EFBC}") = "LawsOfFreach(6th Ed)", "LawsOfFreach(6th Ed)\LawsOfFreach(6th Ed).csproj", "{719E19D7-ADA3-45A7-9A78-B7C91F8947F4}"
EndProject
Global
	GlobalSection(SolutionConfigurationPlatforms) = preSolution
		Debug|Any CPU = Debug|Any CPU
		Release|Any CPU = Release|Any CPU
	EndGlobalSection
	GlobalSection(ProjectConfigurationPlatforms) = postSolution
		{719E19D7-ADA3-45A7-9A78-B7C91F8947F4}.Debug|Any CPU.ActiveCfg = Debug|Any CPU
		{719E19D7-ADA3-45A7-9A78-B7C91F8947F4}.Debug|Any CPU.Build.0 = Debug|Any CPU
		{719E19D7-ADA3-45A7-9A78-B7C91F8947F4}.Release|Any CPU.ActiveCfg = Release|Any CPU
		{719E19D7-ADA3-45A7-9A78-B7C91F8947F4}.Release|Any CPU.Build.0 = Release|Any CPU
	EndGlobalSection
	GlobalSection(SolutionProperties) = preSolution
		HideSolutionNode = FALSE
	EndGlobalSection
	GlobalSection(ExtensibilityGlobals) = postSolution
		SolutionGuid = {F92799B2-7E12-4DE0-B554-6061692DBFC6}
	EndGlobalSection
EndGlobal
