
Microsoft Visual Studio Solution File, Format Version 12.00
# Visual Studio Version 17
VisualStudioVersion = 17.3.32929.385
MinimumVisualStudioVersion = 10.0.40219.1
Project("{FAE04EC0-301F-11D3-BF4B-00C04F79EFBC}") = "VinsFletchersArrowsPart1 (6th Ed)", "VinsFletchersArrowsPart1 (6th Ed)\VinsFletchersArrowsPart1 (6th Ed).csproj", "{2B3E279D-4928-48BD-8D74-6C15D34DF74E}"
EndProject
Global
	GlobalSection(SolutionConfigurationPlatforms) = preSolution
		Debug|Any CPU = Debug|Any CPU
		Release|Any CPU = Release|Any CPU
	EndGlobalSection
	GlobalSection(ProjectConfigurationPlatforms) = postSolution
		{2B3E279D-4928-48BD-8D74-6C15D34DF74E}.Debug|Any CPU.ActiveCfg = Debug|Any CPU
		{2B3E279D-4928-48BD-8D74-6C15D34DF74E}.Debug|Any CPU.Build.0 = Debug|Any CPU
		{2B3E279D-4928-48BD-8D74-6C15D34DF74E}.Release|Any CPU.ActiveCfg = Release|Any CPU
		{2B3E279D-4928-48BD-8D74-6C15D34DF74E}.Release|Any CPU.Build.0 = Release|Any CPU
	EndGlobalSection
	GlobalSection(SolutionProperties) = preSolution
		HideSolutionNode = FALSE
	EndGlobalSection
	GlobalSection(ExtensibilityGlobals) = postSolution
		SolutionGuid = {F21E31DB-FBB9-4926-8A99-C547C88FA962}
	EndGlobalSection
EndGlobal
