
Microsoft Visual Studio Solution File, Format Version 12.00
# Visual Studio Version 17
VisualStudioVersion = 17.2.32630.192
MinimumVisualStudioVersion = 10.0.40219.1
Project("{FAE04EC0-301F-11D3-BF4B-00C04F79EFBC}") = "ArrowFactories", "ArrowFactories\ArrowFactories.csproj", "{A7AA3234-6A94-46E2-A196-1B3AF1525DA1}"
EndProject
Global
	GlobalSection(SolutionConfigurationPlatforms) = preSolution
		Debug|Any CPU = Debug|Any CPU
		Release|Any CPU = Release|Any CPU
	EndGlobalSection
	GlobalSection(ProjectConfigurationPlatforms) = postSolution
		{A7AA3234-6A94-46E2-A196-1B3AF1525DA1}.Debug|Any CPU.ActiveCfg = Debug|Any CPU
		{A7AA3234-6A94-46E2-A196-1B3AF1525DA1}.Debug|Any CPU.Build.0 = Debug|Any CPU
		{A7AA3234-6A94-46E2-A196-1B3AF1525DA1}.Release|Any CPU.ActiveCfg = Release|Any CPU
		{A7AA3234-6A94-46E2-A196-1B3AF1525DA1}.Release|Any CPU.Build.0 = Release|Any CPU
	EndGlobalSection
	GlobalSection(SolutionProperties) = preSolution
		HideSolutionNode = FALSE
	EndGlobalSection
	GlobalSection(ExtensibilityGlobals) = postSolution
		SolutionGuid = {D3CCFBDD-9D06-4C80-B385-C291F75FF6E9}
	EndGlobalSection
EndGlobal
