
Microsoft Visual Studio Solution File, Format Version 12.00
# Visual Studio Version 17
VisualStudioVersion = 17.2.32630.192
MinimumVisualStudioVersion = 10.0.40219.1
Project("{FAE04EC0-301F-11D3-BF4B-00C04F79EFBC}") = "Countdown", "Countdown\Countdown.csproj", "{01D5C741-18F8-47EF-B5DF-34F8C8BA4338}"
EndProject
Global
	GlobalSection(SolutionConfigurationPlatforms) = preSolution
		Debug|Any CPU = Debug|Any CPU
		Release|Any CPU = Release|Any CPU
	EndGlobalSection
	GlobalSection(ProjectConfigurationPlatforms) = postSolution
		{01D5C741-18F8-47EF-B5DF-34F8C8BA4338}.Debug|Any CPU.ActiveCfg = Debug|Any CPU
		{01D5C741-18F8-47EF-B5DF-34F8C8BA4338}.Debug|Any CPU.Build.0 = Debug|Any CPU
		{01D5C741-18F8-47EF-B5DF-34F8C8BA4338}.Release|Any CPU.ActiveCfg = Release|Any CPU
		{01D5C741-18F8-47EF-B5DF-34F8C8BA4338}.Release|Any CPU.Build.0 = Release|Any CPU
	EndGlobalSection
	GlobalSection(SolutionProperties) = preSolution
		HideSolutionNode = FALSE
	EndGlobalSection
	GlobalSection(ExtensibilityGlobals) = postSolution
		SolutionGuid = {83706093-79E5-433D-B85A-1159948E40EB}
	EndGlobalSection
EndGlobal
