
Microsoft Visual Studio Solution File, Format Version 12.00
# Visual Studio Version 17
VisualStudioVersion = 17.2.32630.192
MinimumVisualStudioVersion = 10.0.40219.1
Project("{FAE04EC0-301F-11D3-BF4B-00C04F79EFBC}") = "ThePasswordValidator", "ThePasswordValidator\ThePasswordValidator.csproj", "{25389A75-1174-45CC-BDC8-181511469B6A}"
EndProject
Global
	GlobalSection(SolutionConfigurationPlatforms) = preSolution
		Debug|Any CPU = Debug|Any CPU
		Release|Any CPU = Release|Any CPU
	EndGlobalSection
	GlobalSection(ProjectConfigurationPlatforms) = postSolution
		{25389A75-1174-45CC-BDC8-181511469B6A}.Debug|Any CPU.ActiveCfg = Debug|Any CPU
		{25389A75-1174-45CC-BDC8-181511469B6A}.Debug|Any CPU.Build.0 = Debug|Any CPU
		{25389A75-1174-45CC-BDC8-181511469B6A}.Release|Any CPU.ActiveCfg = Release|Any CPU
		{25389A75-1174-45CC-BDC8-181511469B6A}.Release|Any CPU.Build.0 = Release|Any CPU
	EndGlobalSection
	GlobalSection(SolutionProperties) = preSolution
		HideSolutionNode = FALSE
	EndGlobalSection
	GlobalSection(ExtensibilityGlobals) = postSolution
		SolutionGuid = {C6897E11-99BA-40F9-8E87-0737B943EDDE}
	EndGlobalSection
EndGlobal
